
Microsoft Visual Studio Solution File, Format Version 12.00
# Visual Studio Version 16
VisualStudioVersion = 16.0.29920.165
MinimumVisualStudioVersion = 10.0.40219.1
Project("{FAE04EC0-301F-11D3-BF4B-00C04F79EFBC}") = "Krzywe", "Krzywe.csproj", "{49EE0302-86E5-4868-9F11-99670F6E532A}"
EndProject
Project("{2150E333-8FDC-42A3-9474-1A3956D46DE8}") = "Solution Items", "Solution Items", "{D98E2576-0D5E-4517-953C-EB6403CBADD3}"
	ProjectSection(SolutionItems) = preProject
		Class1.cs = Class1.cs
	EndProjectSection
EndProject
Global
	GlobalSection(SolutionConfigurationPlatforms) = preSolution
		Debug|Any CPU = Debug|Any CPU
		Release|Any CPU = Release|Any CPU
	EndGlobalSection
	GlobalSection(ProjectConfigurationPlatforms) = postSolution
		{49EE0302-86E5-4868-9F11-99670F6E532A}.Debug|Any CPU.ActiveCfg = Debug|Any CPU
		{49EE0302-86E5-4868-9F11-99670F6E532A}.Debug|Any CPU.Build.0 = Debug|Any CPU
		{49EE0302-86E5-4868-9F11-99670F6E532A}.Release|Any CPU.ActiveCfg = Release|Any CPU
		{49EE0302-86E5-4868-9F11-99670F6E532A}.Release|Any CPU.Build.0 = Release|Any CPU
	EndGlobalSection
	GlobalSection(SolutionProperties) = preSolution
		HideSolutionNode = FALSE
	EndGlobalSection
	GlobalSection(ExtensibilityGlobals) = postSolution
		SolutionGuid = {AD3FA664-42B2-4E8B-BCB6-6B6BA4095B8C}
	EndGlobalSection
EndGlobal
